// !$*UTF8*$!
{
	archiveVersion = 1;
	classes = {
	};
	objectVersion = 47;
	objects = {

/* Begin PBXBuildFile section */
		1207E9EC1AF46E7A002A3096 /* libz.1.2.8.dylib in Frameworks */ = {isa = PBXBuildFile; fileRef = 1207E9EB1AF46E7A002A3096 /* libz.1.2.8.dylib */; };
		1207E9F01AF47082002A3096 /* libassimp.a in Frameworks */ = {isa = PBXBuildFile; fileRef = 1207E9E31AF46AEA002A3096 /* libassimp.a */; };
		128C4BCF1AE7DC250084E1E1 /* libGLEW.1.11.0.dylib in Frameworks */ = {isa = PBXBuildFile; fileRef = 128C4BCE1AE7DC250084E1E1 /* libGLEW.1.11.0.dylib */; };
		12CB7C431AA272990095666D /* main.cpp in Sources */ = {isa = PBXBuildFile; fileRef = 12CB7C421AA272990095666D /* main.cpp */; };
		12CB7C461AA275E90095666D /* OpenGL.framework in Frameworks */ = {isa = PBXBuildFile; fileRef = 12CB7C451AA275E90095666D /* OpenGL.framework */; };
		12CB7C481AA276870095666D /* IOKit.framework in Frameworks */ = {isa = PBXBuildFile; fileRef = 12CB7C471AA276870095666D /* IOKit.framework */; };
		12CB7C4A1AA276B30095666D /* Cocoa.framework in Frameworks */ = {isa = PBXBuildFile; fileRef = 12CB7C491AA276B30095666D /* Cocoa.framework */; };
		12F5ECA31AA2900C0055DEE6 /* utilities.cpp in Sources */ = {isa = PBXBuildFile; fileRef = 12F5ECA11AA2900C0055DEE6 /* utilities.cpp */; };
		8936A2861AB2244400B9C75D /* scene.cpp in Sources */ = {isa = PBXBuildFile; fileRef = 8936A2841AB2244400B9C75D /* scene.cpp */; };
		896ABBFB1AA2985C001480C1 /* Particle.cpp in Sources */ = {isa = PBXBuildFile; fileRef = 896ABBF71AA2985C001480C1 /* Particle.cpp */; };
		896ABBFC1AA2985C001480C1 /* ParticleSystem.cpp in Sources */ = {isa = PBXBuildFile; fileRef = 896ABBF91AA2985C001480C1 /* ParticleSystem.cpp */; };
		897E7F531AD4D91C0056699C /* libtbb.dylib in Frameworks */ = {isa = PBXBuildFile; fileRef = 897E7F511AD4D91C0056699C /* libtbb.dylib */; };
		897E7F541AD4D91C0056699C /* libtbbmalloc.dylib in Frameworks */ = {isa = PBXBuildFile; fileRef = 897E7F521AD4D91C0056699C /* libtbbmalloc.dylib */; };
		8995F2D21AE06CFD00E49A3F /* libglfw3.3.1.dylib in Frameworks */ = {isa = PBXBuildFile; fileRef = 8995F2D11AE06CFD00E49A3F /* libglfw3.3.1.dylib */; };
		89CD66751AF87E2700A8B358 /* SOP_Paani.c in Sources */ = {isa = PBXBuildFile; fileRef = 12FF552A1AE74077002D96F1 /* SOP_Paani.c */; };
		89FFCC551ADE2F74009CD205 /* Mesh.cpp in Sources */ = {isa = PBXBuildFile; fileRef = 89FFCC531ADE2F74009CD205 /* Mesh.cpp */; };
/* End PBXBuildFile section */

/* Begin PBXCopyFilesBuildPhase section */
		12E928A11AA26FF600D11B5B /* CopyFiles */ = {
			isa = PBXCopyFilesBuildPhase;
			buildActionMask = 2147483647;
			dstPath = /usr/share/man/man1/;
			dstSubfolderSpec = 0;
			files = (
			);
			runOnlyForDeploymentPostprocessing = 1;
		};
/* End PBXCopyFilesBuildPhase section */

/* Begin PBXFileReference section */
		1207E9E31AF46AEA002A3096 /* libassimp.a */ = {isa = PBXFileReference; lastKnownFileType = archive.ar; name = libassimp.a; path = "paani/thirdparty/assimp-3.1.1/lib/libassimp.a"; sourceTree = "<group>"; };
		1207E9EB1AF46E7A002A3096 /* libz.1.2.8.dylib */ = {isa = PBXFileReference; lastKnownFileType = "compiled.mach-o.dylib"; name = libz.1.2.8.dylib; path = /usr/local/Cellar/zlib/1.2.8/lib/libz.1.2.8.dylib; sourceTree = "<absolute>"; };
		1207E9F11AF47713002A3096 /* Shader.h */ = {isa = PBXFileReference; fileEncoding = 4; lastKnownFileType = sourcecode.c.h; name = Shader.h; path = src/Shader.h; sourceTree = "<group>"; };
		12730EA31ADB355800F13D4C /* frag.glsl */ = {isa = PBXFileReference; fileEncoding = 4; lastKnownFileType = text; name = frag.glsl; path = shaders/frag.glsl; sourceTree = "<group>"; };
		12730EA41ADB355800F13D4C /* vert.glsl */ = {isa = PBXFileReference; fileEncoding = 4; lastKnownFileType = text; name = vert.glsl; path = shaders/vert.glsl; sourceTree = "<group>"; };
		128C4BBC1AE7D6BB0084E1E1 /* main.cpp */ = {isa = PBXFileReference; lastKnownFileType = sourcecode.cpp.cpp; path = main.cpp; sourceTree = "<group>"; };
		128C4BCE1AE7DC250084E1E1 /* libGLEW.1.11.0.dylib */ = {isa = PBXFileReference; lastKnownFileType = "compiled.mach-o.dylib"; name = libGLEW.1.11.0.dylib; path = /usr/local/Cellar/glew/1.11.0/lib/libGLEW.1.11.0.dylib; sourceTree = "<absolute>"; };
		12CB7C421AA272990095666D /* main.cpp */ = {isa = PBXFileReference; fileEncoding = 4; lastKnownFileType = sourcecode.cpp.cpp; path = main.cpp; sourceTree = "<group>"; };
		12CB7C451AA275E90095666D /* OpenGL.framework */ = {isa = PBXFileReference; lastKnownFileType = wrapper.framework; name = OpenGL.framework; path = System/Library/Frameworks/OpenGL.framework; sourceTree = SDKROOT; };
		12CB7C471AA276870095666D /* IOKit.framework */ = {isa = PBXFileReference; lastKnownFileType = wrapper.framework; name = IOKit.framework; path = System/Library/Frameworks/IOKit.framework; sourceTree = SDKROOT; };
		12CB7C491AA276B30095666D /* Cocoa.framework */ = {isa = PBXFileReference; lastKnownFileType = wrapper.framework; name = Cocoa.framework; path = System/Library/Frameworks/Cocoa.framework; sourceTree = SDKROOT; };
		12E928A31AA26FF600D11B5B /* paani */ = {isa = PBXFileReference; explicitFileType = "compiled.mach-o.executable"; includeInIndex = 0; path = paani; sourceTree = BUILT_PRODUCTS_DIR; };
		12F5ECA11AA2900C0055DEE6 /* utilities.cpp */ = {isa = PBXFileReference; fileEncoding = 4; lastKnownFileType = sourcecode.cpp.cpp; path = utilities.cpp; sourceTree = "<group>"; };
		12F5ECA21AA2900C0055DEE6 /* utilities.h */ = {isa = PBXFileReference; fileEncoding = 4; lastKnownFileType = sourcecode.c.h; name = utilities.h; path = src/utilities.h; sourceTree = "<group>"; };
		12FF55291AE74077002D96F1 /* SOP_Paani.h */ = {isa = PBXFileReference; fileEncoding = 4; lastKnownFileType = sourcecode.c.h; name = SOP_Paani.h; path = src/SOP_Paani.h; sourceTree = "<group>"; };
		12FF552A1AE74077002D96F1 /* SOP_Paani.c */ = {isa = PBXFileReference; fileEncoding = 4; lastKnownFileType = sourcecode.c.c; path = SOP_Paani.c; sourceTree = "<group>"; };
		8936A2841AB2244400B9C75D /* scene.cpp */ = {isa = PBXFileReference; fileEncoding = 4; lastKnownFileType = sourcecode.cpp.cpp; path = scene.cpp; sourceTree = "<group>"; };
		8936A2851AB2244400B9C75D /* scene.h */ = {isa = PBXFileReference; fileEncoding = 4; lastKnownFileType = sourcecode.c.h; name = scene.h; path = src/scene.h; sourceTree = "<group>"; };
		896ABBF71AA2985C001480C1 /* Particle.cpp */ = {isa = PBXFileReference; fileEncoding = 4; lastKnownFileType = sourcecode.cpp.cpp; path = Particle.cpp; sourceTree = "<group>"; };
		896ABBF81AA2985C001480C1 /* Particle.h */ = {isa = PBXFileReference; fileEncoding = 4; lastKnownFileType = sourcecode.c.h; name = Particle.h; path = src/Particle.h; sourceTree = "<group>"; };
		896ABBF91AA2985C001480C1 /* ParticleSystem.cpp */ = {isa = PBXFileReference; fileEncoding = 4; lastKnownFileType = sourcecode.cpp.cpp; path = ParticleSystem.cpp; sourceTree = "<group>"; };
		896ABBFA1AA2985C001480C1 /* ParticleSystem.h */ = {isa = PBXFileReference; fileEncoding = 4; lastKnownFileType = sourcecode.c.h; name = ParticleSystem.h; path = src/ParticleSystem.h; sourceTree = "<group>"; };
		897E7F511AD4D91C0056699C /* libtbb.dylib */ = {isa = PBXFileReference; lastKnownFileType = "compiled.mach-o.dylib"; name = libtbb.dylib; path = "/usr/local/Cellar/tbb/4.3-20141023/lib/libtbb.dylib"; sourceTree = "<absolute>"; };
		897E7F521AD4D91C0056699C /* libtbbmalloc.dylib */ = {isa = PBXFileReference; lastKnownFileType = "compiled.mach-o.dylib"; name = libtbbmalloc.dylib; path = "/usr/local/Cellar/tbb/4.3-20141023/lib/libtbbmalloc.dylib"; sourceTree = "<absolute>"; };
		8995F2D11AE06CFD00E49A3F /* libglfw3.3.1.dylib */ = {isa = PBXFileReference; lastKnownFileType = "compiled.mach-o.dylib"; name = libglfw3.3.1.dylib; path = /usr/local/Cellar/glfw3/3.1/lib/libglfw3.3.1.dylib; sourceTree = "<absolute>"; };
		89CD666E1AF87E2000A8B358 /* SOP_Paani.bundle */ = {isa = PBXFileReference; explicitFileType = wrapper.cfbundle; includeInIndex = 0; path = SOP_Paani.bundle; sourceTree = BUILT_PRODUCTS_DIR; };
		89CD66711AF87E2000A8B358 /* Info.plist */ = {isa = PBXFileReference; lastKnownFileType = text.plist.xml; path = Info.plist; sourceTree = "<group>"; };
		89FFCC531ADE2F74009CD205 /* Mesh.cpp */ = {isa = PBXFileReference; fileEncoding = 4; lastKnownFileType = sourcecode.cpp.cpp; path = Mesh.cpp; sourceTree = "<group>"; };
		89FFCC541ADE2F74009CD205 /* Mesh.h */ = {isa = PBXFileReference; fileEncoding = 4; lastKnownFileType = sourcecode.c.h; name = Mesh.h; path = src/Mesh.h; sourceTree = "<group>"; };
/* End PBXFileReference section */

/* Begin PBXFrameworksBuildPhase section */
		12E928A01AA26FF600D11B5B /* Frameworks */ = {
			isa = PBXFrameworksBuildPhase;
			buildActionMask = 2147483647;
			files = (
				1207E9F01AF47082002A3096 /* libassimp.a in Frameworks */,
				1207E9EC1AF46E7A002A3096 /* libz.1.2.8.dylib in Frameworks */,
				128C4BCF1AE7DC250084E1E1 /* libGLEW.1.11.0.dylib in Frameworks */,
				8995F2D21AE06CFD00E49A3F /* libglfw3.3.1.dylib in Frameworks */,
				897E7F531AD4D91C0056699C /* libtbb.dylib in Frameworks */,
				897E7F541AD4D91C0056699C /* libtbbmalloc.dylib in Frameworks */,
				12CB7C4A1AA276B30095666D /* Cocoa.framework in Frameworks */,
				12CB7C481AA276870095666D /* IOKit.framework in Frameworks */,
				12CB7C461AA275E90095666D /* OpenGL.framework in Frameworks */,
			);
			runOnlyForDeploymentPostprocessing = 0;
		};
		89CD666B1AF87E2000A8B358 /* Frameworks */ = {
			isa = PBXFrameworksBuildPhase;
			buildActionMask = 2147483647;
			files = (
			);
			runOnlyForDeploymentPostprocessing = 0;
		};
/* End PBXFrameworksBuildPhase section */

/* Begin PBXGroup section */
		12730EA21ADB354900F13D4C /* shaders */ = {
			isa = PBXGroup;
			children = (
				12730EA41ADB355800F13D4C /* vert.glsl */,
				12730EA31ADB355800F13D4C /* frag.glsl */,
			);
			name = shaders;
			sourceTree = "<group>";
		};
		128C4BAE1AE7D10D0084E1E1 /* headers */ = {
			isa = PBXGroup;
			children = (
				1207E9F11AF47713002A3096 /* Shader.h */,
				12FF55291AE74077002D96F1 /* SOP_Paani.h */,
				89FFCC541ADE2F74009CD205 /* Mesh.h */,
				8936A2851AB2244400B9C75D /* scene.h */,
				896ABBFA1AA2985C001480C1 /* ParticleSystem.h */,
				896ABBF81AA2985C001480C1 /* Particle.h */,
				12F5ECA21AA2900C0055DEE6 /* utilities.h */,
			);
			name = headers;
			sourceTree = "<group>";
		};
		128C4BBB1AE7D6BB0084E1E1 /* buildHDK */ = {
			isa = PBXGroup;
			children = (
				128C4BBC1AE7D6BB0084E1E1 /* main.cpp */,
			);
			path = buildHDK;
			sourceTree = "<group>";
		};
		12CB7C411AA272990095666D /* src */ = {
			isa = PBXGroup;
			children = (
				12FF552A1AE74077002D96F1 /* SOP_Paani.c */,
				89FFCC531ADE2F74009CD205 /* Mesh.cpp */,
				12CB7C421AA272990095666D /* main.cpp */,
				8936A2841AB2244400B9C75D /* scene.cpp */,
				896ABBF91AA2985C001480C1 /* ParticleSystem.cpp */,
				896ABBF71AA2985C001480C1 /* Particle.cpp */,
				12F5ECA11AA2900C0055DEE6 /* utilities.cpp */,
			);
			path = src;
			sourceTree = "<group>";
		};
		12E9289A1AA26FF600D11B5B = {
			isa = PBXGroup;
			children = (
				12FF553B1AE74143002D96F1 /* libs */,
				12CB7C491AA276B30095666D /* Cocoa.framework */,
				12CB7C471AA276870095666D /* IOKit.framework */,
				12CB7C451AA275E90095666D /* OpenGL.framework */,
				12E928A51AA26FF600D11B5B /* paani */,
				128C4BBB1AE7D6BB0084E1E1 /* buildHDK */,
				89CD666F1AF87E2000A8B358 /* SOP_Paani */,
				12E928A41AA26FF600D11B5B /* Products */,
			);
			sourceTree = "<group>";
		};
		12E928A41AA26FF600D11B5B /* Products */ = {
			isa = PBXGroup;
			children = (
				12E928A31AA26FF600D11B5B /* paani */,
				89CD666E1AF87E2000A8B358 /* SOP_Paani.bundle */,
			);
			name = Products;
			sourceTree = "<group>";
		};
		12E928A51AA26FF600D11B5B /* paani */ = {
			isa = PBXGroup;
			children = (
				128C4BAE1AE7D10D0084E1E1 /* headers */,
				12CB7C411AA272990095666D /* src */,
				12730EA21ADB354900F13D4C /* shaders */,
				12F5EC9B1AA2870D0055DEE6 /* thirdparty */,
			);
			path = paani;
			sourceTree = "<group>";
		};
		12F5EC9B1AA2870D0055DEE6 /* thirdparty */ = {
			isa = PBXGroup;
			children = (
			);
			name = thirdparty;
			sourceTree = "<group>";
		};
		12FF553B1AE74143002D96F1 /* libs */ = {
			isa = PBXGroup;
			children = (
				1207E9EB1AF46E7A002A3096 /* libz.1.2.8.dylib */,
				1207E9E31AF46AEA002A3096 /* libassimp.a */,
				128C4BCE1AE7DC250084E1E1 /* libGLEW.1.11.0.dylib */,
				8995F2D11AE06CFD00E49A3F /* libglfw3.3.1.dylib */,
				897E7F511AD4D91C0056699C /* libtbb.dylib */,
				897E7F521AD4D91C0056699C /* libtbbmalloc.dylib */,
			);
			name = libs;
			sourceTree = "<group>";
		};
		89CD666F1AF87E2000A8B358 /* SOP_Paani */ = {
			isa = PBXGroup;
			children = (
				89CD66701AF87E2000A8B358 /* Supporting Files */,
			);
			path = SOP_Paani;
			sourceTree = "<group>";
		};
		89CD66701AF87E2000A8B358 /* Supporting Files */ = {
			isa = PBXGroup;
			children = (
				89CD66711AF87E2000A8B358 /* Info.plist */,
			);
			name = "Supporting Files";
			sourceTree = "<group>";
		};
/* End PBXGroup section */

/* Begin PBXNativeTarget section */
		12E928A21AA26FF600D11B5B /* paani */ = {
			isa = PBXNativeTarget;
			buildConfigurationList = 12E928AA1AA26FF600D11B5B /* Build configuration list for PBXNativeTarget "paani" */;
			buildPhases = (
				12E9289F1AA26FF600D11B5B /* Sources */,
				125CDE8A1ABCE854000DE80C /* Run Script */,
				12E928A01AA26FF600D11B5B /* Frameworks */,
				12E928A11AA26FF600D11B5B /* CopyFiles */,
			);
			buildRules = (
			);
			dependencies = (
			);
			name = paani;
			productName = paani;
			productReference = 12E928A31AA26FF600D11B5B /* paani */;
			productType = "com.apple.product-type.tool";
		};
		89CD666D1AF87E2000A8B358 /* SOP_Paani */ = {
			isa = PBXNativeTarget;
			buildConfigurationList = 89CD66721AF87E2000A8B358 /* Build configuration list for PBXNativeTarget "SOP_Paani" */;
			buildPhases = (
				89CD666A1AF87E2000A8B358 /* Sources */,
				89CD666B1AF87E2000A8B358 /* Frameworks */,
				89CD666C1AF87E2000A8B358 /* Resources */,
			);
			buildRules = (
			);
			dependencies = (
			);
			name = SOP_Paani;
			productName = SOP_Paani;
			productReference = 89CD666E1AF87E2000A8B358 /* SOP_Paani.bundle */;
			productType = "com.apple.product-type.bundle";
		};
/* End PBXNativeTarget section */

/* Begin PBXProject section */
		12E9289B1AA26FF600D11B5B /* Project object */ = {
			isa = PBXProject;
			attributes = {
				LastUpgradeCheck = 0630;
				ORGANIZATIONNAME = Debanshu;
				TargetAttributes = {
					12E928A21AA26FF600D11B5B = {
						CreatedOnToolsVersion = 6.1.1;
					};
					89CD666D1AF87E2000A8B358 = {
						CreatedOnToolsVersion = 6.3.1;
					};
				};
			};
			buildConfigurationList = 12E9289E1AA26FF600D11B5B /* Build configuration list for PBXProject "paani" */;
			compatibilityVersion = "Xcode 6.3";
			developmentRegion = English;
			hasScannedForEncodings = 0;
			knownRegions = (
				en,
			);
			mainGroup = 12E9289A1AA26FF600D11B5B;
			productRefGroup = 12E928A41AA26FF600D11B5B /* Products */;
			projectDirPath = "";
			projectRoot = "";
			targets = (
				12E928A21AA26FF600D11B5B /* paani */,
				89CD666D1AF87E2000A8B358 /* SOP_Paani */,
			);
		};
/* End PBXProject section */

/* Begin PBXResourcesBuildPhase section */
		89CD666C1AF87E2000A8B358 /* Resources */ = {
			isa = PBXResourcesBuildPhase;
			buildActionMask = 2147483647;
			files = (
			);
			runOnlyForDeploymentPostprocessing = 0;
		};
/* End PBXResourcesBuildPhase section */

/* Begin PBXShellScriptBuildPhase section */
		125CDE8A1ABCE854000DE80C /* Run Script */ = {
			isa = PBXShellScriptBuildPhase;
			buildActionMask = 12;
			files = (
			);
			inputPaths = (
				"",
			);
			name = "Run Script";
			outputPaths = (
			);
			runOnlyForDeploymentPostprocessing = 0;
			shellPath = /bin/sh;
			shellScript = "cd /Library/Frameworks/Houdini.framework/Versions/14.0.258/Resources/; source houdini_setup;cd -;\nhcustom -g -I./paani/thirdparty/osx/glew/include -I./paani/thirdparty/osx/glfw/include -I./paani/thirdparty/osx/glm/ -I/Library/Frameworks/Houdini.framework/Versions/14.0.258/Resources/toolkit/include -I/usr/local/include -I./paani/thirdparty/assimp-3.1.1/include/ -L./paani/thirdparty/assimp-3.1.1/lib/ -lassimp paani/src/SOP_Paani.C;\ncp build/paani.build/Release/paani.build/Objects-normal/x86_64/*.o paani/src/;\n/Applications/Xcode.app/Contents/Developer/Toolchains/XcodeDefault.xctoolchain/usr/bin/clang++ -bundle -flat_namespace -undefined suppress paani/src/utilities.o paani/src/Particle.o paani/src/Mesh.o paani/src/ParticleSystem.o paani/src/scene.o paani/src/SOP_Paani.o -arch x86_64 -fobjc-gc -I./../thirdparty/osx/glm -L./paani/thirdparty/assimp-3.1.1/lib/ -lassimp -framework OpenGL -framework Cocoa -stdlib=libstdc++ -o $HOME/Library/Preferences/houdini/14.0/dso/SOP_Paani.dylib";
			showEnvVarsInLog = 0;
		};
/* End PBXShellScriptBuildPhase section */

/* Begin PBXSourcesBuildPhase section */
		12E9289F1AA26FF600D11B5B /* Sources */ = {
			isa = PBXSourcesBuildPhase;
			buildActionMask = 2147483647;
			files = (
				8936A2861AB2244400B9C75D /* scene.cpp in Sources */,
				896ABBFC1AA2985C001480C1 /* ParticleSystem.cpp in Sources */,
				89FFCC551ADE2F74009CD205 /* Mesh.cpp in Sources */,
				12F5ECA31AA2900C0055DEE6 /* utilities.cpp in Sources */,
				896ABBFB1AA2985C001480C1 /* Particle.cpp in Sources */,
				12CB7C431AA272990095666D /* main.cpp in Sources */,
			);
			runOnlyForDeploymentPostprocessing = 0;
		};
		89CD666A1AF87E2000A8B358 /* Sources */ = {
			isa = PBXSourcesBuildPhase;
			buildActionMask = 2147483647;
			files = (
				89CD66751AF87E2700A8B358 /* SOP_Paani.c in Sources */,
			);
			runOnlyForDeploymentPostprocessing = 0;
		};
/* End PBXSourcesBuildPhase section */

/* Begin XCBuildConfiguration section */
		12E928A81AA26FF600D11B5B /* Debug */ = {
			isa = XCBuildConfiguration;
			buildSettings = {
				ALWAYS_SEARCH_USER_PATHS = YES;
				CLANG_CXX_LANGUAGE_STANDARD = "c++0x";
				CLANG_CXX_LIBRARY = "libc++";
				CLANG_ENABLE_MODULES = YES;
				CLANG_ENABLE_OBJC_ARC = YES;
				CLANG_WARN_BOOL_CONVERSION = YES;
				CLANG_WARN_CONSTANT_CONVERSION = YES;
				CLANG_WARN_DIRECT_OBJC_ISA_USAGE = YES_ERROR;
				CLANG_WARN_EMPTY_BODY = YES;
				CLANG_WARN_ENUM_CONVERSION = YES;
				CLANG_WARN_INT_CONVERSION = YES;
				CLANG_WARN_OBJC_ROOT_CLASS = YES_ERROR;
				CLANG_WARN_UNREACHABLE_CODE = YES;
				CLANG_WARN__DUPLICATE_METHOD_MATCH = YES;
				COPY_PHASE_STRIP = NO;
				ENABLE_STRICT_OBJC_MSGSEND = YES;
				GCC_C_LANGUAGE_STANDARD = gnu99;
				GCC_DYNAMIC_NO_PIC = NO;
				GCC_INPUT_FILETYPE = automatic;
				GCC_OPTIMIZATION_LEVEL = 0;
				GCC_PREPROCESSOR_DEFINITIONS = (
					"DEBUG=1",
					"$(inherited)",
				);
				GCC_SYMBOLS_PRIVATE_EXTERN = NO;
				GCC_WARN_64_TO_32_BIT_CONVERSION = YES;
				GCC_WARN_ABOUT_RETURN_TYPE = YES_ERROR;
				GCC_WARN_UNDECLARED_SELECTOR = YES;
				GCC_WARN_UNINITIALIZED_AUTOS = YES_AGGRESSIVE;
				GCC_WARN_UNUSED_FUNCTION = YES;
				GCC_WARN_UNUSED_VARIABLE = YES;
				HEADER_SEARCH_PATHS = (
					"$(inherited)",
					/Applications/Xcode.app/Contents/Developer/Toolchains/XcodeDefault.xctoolchain/usr/include,
					/Library/Frameworks/Houdini.framework/Versions/14.0.258/Resources/toolkit/include,
					/usr/local/include,
				);
				MACOSX_DEPLOYMENT_TARGET = 10.10;
				MTL_ENABLE_DEBUG_INFO = YES;
				ONLY_ACTIVE_ARCH = YES;
				SDKROOT = macosx;
			};
			name = Debug;
		};
		12E928A91AA26FF600D11B5B /* Release */ = {
			isa = XCBuildConfiguration;
			buildSettings = {
				ALWAYS_SEARCH_USER_PATHS = YES;
				CLANG_CXX_LANGUAGE_STANDARD = "c++0x";
				CLANG_CXX_LIBRARY = "libc++";
				CLANG_ENABLE_MODULES = YES;
				CLANG_ENABLE_OBJC_ARC = YES;
				CLANG_WARN_BOOL_CONVERSION = YES;
				CLANG_WARN_CONSTANT_CONVERSION = YES;
				CLANG_WARN_DIRECT_OBJC_ISA_USAGE = YES_ERROR;
				CLANG_WARN_EMPTY_BODY = YES;
				CLANG_WARN_ENUM_CONVERSION = YES;
				CLANG_WARN_INT_CONVERSION = YES;
				CLANG_WARN_OBJC_ROOT_CLASS = YES_ERROR;
				CLANG_WARN_UNREACHABLE_CODE = YES;
				CLANG_WARN__DUPLICATE_METHOD_MATCH = YES;
				COPY_PHASE_STRIP = YES;
				DEBUG_INFORMATION_FORMAT = "dwarf-with-dsym";
				ENABLE_NS_ASSERTIONS = NO;
				ENABLE_STRICT_OBJC_MSGSEND = YES;
				GCC_C_LANGUAGE_STANDARD = gnu99;
				GCC_INPUT_FILETYPE = automatic;
				GCC_WARN_64_TO_32_BIT_CONVERSION = YES;
				GCC_WARN_ABOUT_RETURN_TYPE = YES_ERROR;
				GCC_WARN_UNDECLARED_SELECTOR = YES;
				GCC_WARN_UNINITIALIZED_AUTOS = YES_AGGRESSIVE;
				GCC_WARN_UNUSED_FUNCTION = YES;
				GCC_WARN_UNUSED_VARIABLE = YES;
				HEADER_SEARCH_PATHS = (
					"$(inherited)",
					/Applications/Xcode.app/Contents/Developer/Toolchains/XcodeDefault.xctoolchain/usr/include,
					/Library/Frameworks/Houdini.framework/Versions/14.0.258/Resources/toolkit/include,
					/usr/local/include,
				);
				MACOSX_DEPLOYMENT_TARGET = 10.10;
				MTL_ENABLE_DEBUG_INFO = NO;
				SDKROOT = macosx;
			};
			name = Release;
		};
		12E928AB1AA26FF600D11B5B /* Debug */ = {
			isa = XCBuildConfiguration;
			buildSettings = {
				CLANG_CXX_LIBRARY = "compiler-default";
				FRAMEWORK_SEARCH_PATHS = "";
				HEADER_SEARCH_PATHS = (
					"$(inherited)",
					/Applications/Xcode.app/Contents/Developer/Toolchains/XcodeDefault.xctoolchain/usr/include,
					"$(PROJECT_DIR)/paani/thirdparty/osx/glm",
					"$(PROJECT_DIR)/paani/thirdparty/osx/glew/include",
					"$(PROJECT_DIR)/paani/thirdparty/osx/glfw/include",
					"$(PROJECT_DIR)/paani/thirdparty/assimp-3.1.1/include",
					/usr/local/include,
				);
				LIBRARY_SEARCH_PATHS = (
					"$(PROJECT_DIR)/paani/thirdparty/osx/glew/lib",
					"/usr/local/Cellar/tbb/4.3-20141023/lib",
					/usr/local/Cellar/glfw3/3.1/lib,
					/usr/local/Cellar/glew/1.11.0/lib,
					/usr/local/lib,
					"$(PROJECT_DIR)/paani/thirdparty/assimp-3.1.1/lib",
					/usr/local/Cellar/zlib/1.2.8/lib,
				);
				PRODUCT_NAME = "$(TARGET_NAME)";
			};
			name = Debug;
		};
		12E928AC1AA26FF600D11B5B /* Release */ = {
			isa = XCBuildConfiguration;
			buildSettings = {
				CLANG_CXX_LIBRARY = "compiler-default";
				FRAMEWORK_SEARCH_PATHS = "";
				HEADER_SEARCH_PATHS = (
					"$(inherited)",
					/Applications/Xcode.app/Contents/Developer/Toolchains/XcodeDefault.xctoolchain/usr/include,
					"$(PROJECT_DIR)/paani/thirdparty/osx/glm",
					"$(PROJECT_DIR)/paani/thirdparty/osx/glew/include",
					"$(PROJECT_DIR)/paani/thirdparty/osx/glfw/include",
					"$(PROJECT_DIR)/paani/thirdparty/assimp-3.1.1/include",
					/usr/local/include,
				);
				LIBRARY_SEARCH_PATHS = (
					"$(PROJECT_DIR)/paani/thirdparty/osx/glew/lib",
					"/usr/local/Cellar/tbb/4.3-20141023/lib",
					/usr/local/Cellar/glfw3/3.1/lib,
					/usr/local/Cellar/glew/1.11.0/lib,
					/usr/local/lib,
					"$(PROJECT_DIR)/paani/thirdparty/assimp-3.1.1/lib",
					/usr/local/Cellar/zlib/1.2.8/lib,
				);
				PRODUCT_NAME = "$(TARGET_NAME)";
			};
			name = Release;
		};
		89CD66731AF87E2000A8B358 /* Debug */ = {
			isa = XCBuildConfiguration;
			buildSettings = {
				ALWAYS_SEARCH_USER_PATHS = NO;
				CLANG_CXX_LANGUAGE_STANDARD = "gnu++0x";
				COMBINE_HIDPI_IMAGES = YES;
				DEBUG_INFORMATION_FORMAT = dwarf;
				GCC_NO_COMMON_BLOCKS = YES;
				GCC_PREPROCESSOR_DEFINITIONS = (
					"DEBUG=1",
					"$(inherited)",
				);
				INFOPLIST_FILE = SOP_Paani/Info.plist;
				INSTALL_PATH = "$(LOCAL_LIBRARY_DIR)/Bundles";
				PRODUCT_NAME = "$(TARGET_NAME)";
				SKIP_INSTALL = YES;
				WRAPPER_EXTENSION = bundle;
			};
			name = Debug;
		};
		89CD66741AF87E2000A8B358 /* Release */ = {
			isa = XCBuildConfiguration;
			buildSettings = {
				ALWAYS_SEARCH_USER_PATHS = NO;
				CLANG_CXX_LANGUAGE_STANDARD = "gnu++0x";
				COMBINE_HIDPI_IMAGES = YES;
				COPY_PHASE_STRIP = NO;
				GCC_NO_COMMON_BLOCKS = YES;
				INFOPLIST_FILE = SOP_Paani/Info.plist;
				INSTALL_PATH = "$(LOCAL_LIBRARY_DIR)/Bundles";
				PRODUCT_NAME = "$(TARGET_NAME)";
				SKIP_INSTALL = YES;
				WRAPPER_EXTENSION = bundle;
			};
			name = Release;
		};
/* End XCBuildConfiguration section */

/* Begin XCConfigurationList section */
		12E9289E1AA26FF600D11B5B /* Build configuration list for PBXProject "paani" */ = {
			isa = XCConfigurationList;
			buildConfigurations = (
				12E928A81AA26FF600D11B5B /* Debug */,
				12E928A91AA26FF600D11B5B /* Release */,
			);
			defaultConfigurationIsVisible = 0;
			defaultConfigurationName = Release;
		};
		12E928AA1AA26FF600D11B5B /* Build configuration list for PBXNativeTarget "paani" */ = {
			isa = XCConfigurationList;
			buildConfigurations = (
				12E928AB1AA26FF600D11B5B /* Debug */,
				12E928AC1AA26FF600D11B5B /* Release */,
			);
			defaultConfigurationIsVisible = 0;
			defaultConfigurationName = Release;
		};
		89CD66721AF87E2000A8B358 /* Build configuration list for PBXNativeTarget "SOP_Paani" */ = {
			isa = XCConfigurationList;
			buildConfigurations = (
				89CD66731AF87E2000A8B358 /* Debug */,
				89CD66741AF87E2000A8B358 /* Release */,
			);
			defaultConfigurationIsVisible = 0;
		};
/* End XCConfigurationList section */
	};
	rootObject = 12E9289B1AA26FF600D11B5B /* Project object */;
}
